// !$*UTF8*$!
{
	archiveVersion = 1;
	classes = {
	};
	objectVersion = 50;
	objects = {

/* Begin PBXBuildFile section */
		EEFE2CA0248E8984006570A2 /* AppDelegate.swift in Sources */ = {isa = PBXBuildFile; fileRef = EEFE2C9F248E8984006570A2 /* AppDelegate.swift */; };
		EEFE2CA2248E8984006570A2 /* SceneDelegate.swift in Sources */ = {isa = PBXBuildFile; fileRef = EEFE2CA1248E8984006570A2 /* SceneDelegate.swift */; };
		EEFE2CA4248E8984006570A2 /* ContentView.swift in Sources */ = {isa = PBXBuildFile; fileRef = EEFE2CA3248E8984006570A2 /* ContentView.swift */; };
		EEFE2CA6248E8986006570A2 /* Assets.xcassets in Resources */ = {isa = PBXBuildFile; fileRef = EEFE2CA5248E8986006570A2 /* Assets.xcassets */; };
		EEFE2CA9248E8986006570A2 /* Preview Assets.xcassets in Resources */ = {isa = PBXBuildFile; fileRef = EEFE2CA8248E8986006570A2 /* Preview Assets.xcassets */; };
		EEFE2CAC248E8986006570A2 /* LaunchScreen.storyboard in Resources */ = {isa = PBXBuildFile; fileRef = EEFE2CAA248E8986006570A2 /* LaunchScreen.storyboard */; };
		EEFE2CB7248E8986006570A2 /* DrawingTests.swift in Sources */ = {isa = PBXBuildFile; fileRef = EEFE2CB6248E8986006570A2 /* DrawingTests.swift */; };
		EEFE2CC2248E8986006570A2 /* DrawingUITests.swift in Sources */ = {isa = PBXBuildFile; fileRef = EEFE2CC1248E8986006570A2 /* DrawingUITests.swift */; };
/* End PBXBuildFile section */

/* Begin PBXContainerItemProxy section */
		EEFE2CB3248E8986006570A2 /* PBXContainerItemProxy */ = {
			isa = PBXContainerItemProxy;
			containerPortal = EEFE2C94248E8984006570A2 /* Project object */;
			proxyType = 1;
			remoteGlobalIDString = EEFE2C9B248E8984006570A2;
			remoteInfo = Drawing;
		};
		EEFE2CBE248E8986006570A2 /* PBXContainerItemProxy */ = {
			isa = PBXContainerItemProxy;
			containerPortal = EEFE2C94248E8984006570A2 /* Project object */;
			proxyType = 1;
			remoteGlobalIDString = EEFE2C9B248E8984006570A2;
			remoteInfo = Drawing;
		};
/* End PBXContainerItemProxy section */

/* Begin PBXFileReference section */
		EEFE2C9C248E8984006570A2 /* Drawing.app */ = {isa = PBXFileReference; explicitFileType = wrapper.application; includeInIndex = 0; path = Drawing.app; sourceTree = BUILT_PRODUCTS_DIR; };
		EEFE2C9F248E8984006570A2 /* AppDelegate.swift */ = {isa = PBXFileReference; lastKnownFileType = sourcecode.swift; path = AppDelegate.swift; sourceTree = "<group>"; };
		EEFE2CA1248E8984006570A2 /* SceneDelegate.swift */ = {isa = PBXFileReference; lastKnownFileType = sourcecode.swift; path = SceneDelegate.swift; sourceTree = "<group>"; };
		EEFE2CA3248E8984006570A2 /* ContentView.swift */ = {isa = PBXFileReference; lastKnownFileType = sourcecode.swift; path = ContentView.swift; sourceTree = "<group>"; };
		EEFE2CA5248E8986006570A2 /* Assets.xcassets */ = {isa = PBXFileReference; lastKnownFileType = folder.assetcatalog; path = Assets.xcassets; sourceTree = "<group>"; };
		EEFE2CA8248E8986006570A2 /* Preview Assets.xcassets */ = {isa = PBXFileReference; lastKnownFileType = folder.assetcatalog; path = "Preview Assets.xcassets"; sourceTree = "<group>"; };
		EEFE2CAB248E8986006570A2 /* Base */ = {isa = PBXFileReference; lastKnownFileType = file.storyboard; name = Base; path = Base.lproj/LaunchScreen.storyboard; sourceTree = "<group>"; };
		EEFE2CAD248E8986006570A2 /* Info.plist */ = {isa = PBXFileReference; lastKnownFileType = text.plist.xml; path = Info.plist; sourceTree = "<group>"; };
		EEFE2CB2248E8986006570A2 /* DrawingTests.xctest */ = {isa = PBXFileReference; explicitFileType = wrapper.cfbundle; includeInIndex = 0; path = DrawingTests.xctest; sourceTree = BUILT_PRODUCTS_DIR; };
		EEFE2CB6248E8986006570A2 /* DrawingTests.swift */ = {isa = PBXFileReference; lastKnownFileType = sourcecode.swift; path = DrawingTests.swift; sourceTree = "<group>"; };
		EEFE2CB8248E8986006570A2 /* Info.plist */ = {isa = PBXFileReference; lastKnownFileType = text.plist.xml; path = Info.plist; sourceTree = "<group>"; };
		EEFE2CBD248E8986006570A2 /* DrawingUITests.xctest */ = {isa = PBXFileReference; explicitFileType = wrapper.cfbundle; includeInIndex = 0; path = DrawingUITests.xctest; sourceTree = BUILT_PRODUCTS_DIR; };
		EEFE2CC1248E8986006570A2 /* DrawingUITests.swift */ = {isa = PBXFileReference; lastKnownFileType = sourcecode.swift; path = DrawingUITests.swift; sourceTree = "<group>"; };
		EEFE2CC3248E8986006570A2 /* Info.plist */ = {isa = PBXFileReference; lastKnownFileType = text.plist.xml; path = Info.plist; sourceTree = "<group>"; };
/* End PBXFileReference section */

/* Begin PBXFrameworksBuildPhase section */
		EEFE2C99248E8984006570A2 /* Frameworks */ = {
			isa = PBXFrameworksBuildPhase;
			buildActionMask = 2147483647;
			files = (
			);
			runOnlyForDeploymentPostprocessing = 0;
		};
		EEFE2CAF248E8986006570A2 /* Frameworks */ = {
			isa = PBXFrameworksBuildPhase;
			buildActionMask = 2147483647;
			files = (
			);
			runOnlyForDeploymentPostprocessing = 0;
		};
		EEFE2CBA248E8986006570A2 /* Frameworks */ = {
			isa = PBXFrameworksBuildPhase;
			buildActionMask = 2147483647;
			files = (
			);
			runOnlyForDeploymentPostprocessing = 0;
		};
/* End PBXFrameworksBuildPhase section */

/* Begin PBXGroup section */
		EEFE2C93248E8984006570A2 = {
			isa = PBXGroup;
			children = (
				EEFE2C9E248E8984006570A2 /* Drawing */,
				EEFE2CB5248E8986006570A2 /* DrawingTests */,
				EEFE2CC0248E8986006570A2 /* DrawingUITests */,
				EEFE2C9D248E8984006570A2 /* Products */,
			);
			sourceTree = "<group>";
		};
		EEFE2C9D248E8984006570A2 /* Products */ = {
			isa = PBXGroup;
			children = (
				EEFE2C9C248E8984006570A2 /* Drawing.app */,
				EEFE2CB2248E8986006570A2 /* DrawingTests.xctest */,
				EEFE2CBD248E8986006570A2 /* DrawingUITests.xctest */,
			);
			name = Products;
			sourceTree = "<group>";
		};
		EEFE2C9E248E8984006570A2 /* Drawing */ = {
			isa = PBXGroup;
			children = (
				EEFE2C9F248E8984006570A2 /* AppDelegate.swift */,
				EEFE2CA1248E8984006570A2 /* SceneDelegate.swift */,
				EEFE2CA3248E8984006570A2 /* ContentView.swift */,
				EEFE2CA5248E8986006570A2 /* Assets.xcassets */,
				EEFE2CAA248E8986006570A2 /* LaunchScreen.storyboard */,
				EEFE2CAD248E8986006570A2 /* Info.plist */,
				EEFE2CA7248E8986006570A2 /* Preview Content */,
			);
			path = Drawing;
			sourceTree = "<group>";
		};
		EEFE2CA7248E8986006570A2 /* Preview Content */ = {
			isa = PBXGroup;
			children = (
				EEFE2CA8248E8986006570A2 /* Preview Assets.xcassets */,
			);
			path = "Preview Content";
			sourceTree = "<group>";
		};
		EEFE2CB5248E8986006570A2 /* DrawingTests */ = {
			isa = PBXGroup;
			children = (
				EEFE2CB6248E8986006570A2 /* DrawingTests.swift */,
				EEFE2CB8248E8986006570A2 /* Info.plist */,
			);
			path = DrawingTests;
			sourceTree = "<group>";
		};
		EEFE2CC0248E8986006570A2 /* DrawingUITests */ = {
			isa = PBXGroup;
			children = (
				EEFE2CC1248E8986006570A2 /* DrawingUITests.swift */,
				EEFE2CC3248E8986006570A2 /* Info.plist */,
			);
			path = DrawingUITests;
			sourceTree = "<group>";
		};
/* End PBXGroup section */

/* Begin PBXNativeTarget section */
		EEFE2C9B248E8984006570A2 /* Drawing */ = {
			isa = PBXNativeTarget;
			buildConfigurationList = EEFE2CC6248E8986006570A2 /* Build configuration list for PBXNativeTarget "Drawing" */;
			buildPhases = (
				EEFE2C98248E8984006570A2 /* Sources */,
				EEFE2C99248E8984006570A2 /* Frameworks */,
				EEFE2C9A248E8984006570A2 /* Resources */,
			);
			buildRules = (
			);
			dependencies = (
			);
			name = Drawing;
			productName = Drawing;
			productReference = EEFE2C9C248E8984006570A2 /* Drawing.app */;
			productType = "com.apple.product-type.application";
		};
		EEFE2CB1248E8986006570A2 /* DrawingTests */ = {
			isa = PBXNativeTarget;
			buildConfigurationList = EEFE2CC9248E8986006570A2 /* Build configuration list for PBXNativeTarget "DrawingTests" */;
			buildPhases = (
				EEFE2CAE248E8986006570A2 /* Sources */,
				EEFE2CAF248E8986006570A2 /* Frameworks */,
				EEFE2CB0248E8986006570A2 /* Resources */,
			);
			buildRules = (
			);
			dependencies = (
				EEFE2CB4248E8986006570A2 /* PBXTargetDependency */,
			);
			name = DrawingTests;
			productName = DrawingTests;
			productReference = EEFE2CB2248E8986006570A2 /* DrawingTests.xctest */;
			productType = "com.apple.product-type.bundle.unit-test";
		};
		EEFE2CBC248E8986006570A2 /* DrawingUITests */ = {
			isa = PBXNativeTarget;
			buildConfigurationList = EEFE2CCC248E8986006570A2 /* Build configuration list for PBXNativeTarget "DrawingUITests" */;
			buildPhases = (
				EEFE2CB9248E8986006570A2 /* Sources */,
				EEFE2CBA248E8986006570A2 /* Frameworks */,
				EEFE2CBB248E8986006570A2 /* Resources */,
			);
			buildRules = (
			);
			dependencies = (
				EEFE2CBF248E8986006570A2 /* PBXTargetDependency */,
			);
			name = DrawingUITests;
			productName = DrawingUITests;
			productReference = EEFE2CBD248E8986006570A2 /* DrawingUITests.xctest */;
			productType = "com.apple.product-type.bundle.ui-testing";
		};
/* End PBXNativeTarget section */

/* Begin PBXProject section */
		EEFE2C94248E8984006570A2 /* Project object */ = {
			isa = PBXProject;
			attributes = {
				LastSwiftUpdateCheck = 1150;
				LastUpgradeCheck = 1150;
				ORGANIZATIONNAME = "Dathan Wong";
				TargetAttributes = {
					EEFE2C9B248E8984006570A2 = {
						CreatedOnToolsVersion = 11.5;
					};
					EEFE2CB1248E8986006570A2 = {
						CreatedOnToolsVersion = 11.5;
						TestTargetID = EEFE2C9B248E8984006570A2;
					};
					EEFE2CBC248E8986006570A2 = {
						CreatedOnToolsVersion = 11.5;
						TestTargetID = EEFE2C9B248E8984006570A2;
					};
				};
			};
			buildConfigurationList = EEFE2C97248E8984006570A2 /* Build configuration list for PBXProject "Drawing" */;
			compatibilityVersion = "Xcode 9.3";
			developmentRegion = en;
			hasScannedForEncodings = 0;
			knownRegions = (
				en,
				Base,
			);
			mainGroup = EEFE2C93248E8984006570A2;
			productRefGroup = EEFE2C9D248E8984006570A2 /* Products */;
			projectDirPath = "";
			projectRoot = "";
			targets = (
				EEFE2C9B248E8984006570A2 /* Drawing */,
				EEFE2CB1248E8986006570A2 /* DrawingTests */,
				EEFE2CBC248E8986006570A2 /* DrawingUITests */,
			);
		};
/* End PBXProject section */

/* Begin PBXResourcesBuildPhase section */
		EEFE2C9A248E8984006570A2 /* Resources */ = {
			isa = PBXResourcesBuildPhase;
			buildActionMask = 2147483647;
			files = (
				EEFE2CAC248E8986006570A2 /* LaunchScreen.storyboard in Resources */,
				EEFE2CA9248E8986006570A2 /* Preview Assets.xcassets in Resources */,
				EEFE2CA6248E8986006570A2 /* Assets.xcassets in Resources */,
			);
			runOnlyForDeploymentPostprocessing = 0;
		};
		EEFE2CB0248E8986006570A2 /* Resources */ = {
			isa = PBXResourcesBuildPhase;
			buildActionMask = 2147483647;
			files = (
			);
			runOnlyForDeploymentPostprocessing = 0;
		};
		EEFE2CBB248E8986006570A2 /* Resources */ = {
			isa = PBXResourcesBuildPhase;
			buildActionMask = 2147483647;
			files = (
			);
			runOnlyForDeploymentPostprocessing = 0;
		};
/* End PBXResourcesBuildPhase section */

/* Begin PBXSourcesBuildPhase section */
		EEFE2C98248E8984006570A2 /* Sources */ = {
			isa = PBXSourcesBuildPhase;
			buildActionMask = 2147483647;
			files = (
				EEFE2CA0248E8984006570A2 /* AppDelegate.swift in Sources */,
				EEFE2CA2248E8984006570A2 /* SceneDelegate.swift in Sources */,
				EEFE2CA4248E8984006570A2 /* ContentView.swift in Sources */,
			);
			runOnlyForDeploymentPostprocessing = 0;
		};
		EEFE2CAE248E8986006570A2 /* Sources */ = {
			isa = PBXSourcesBuildPhase;
			buildActionMask = 2147483647;
			files = (
				EEFE2CB7248E8986006570A2 /* DrawingTests.swift in Sources */,
			);
			runOnlyForDeploymentPostprocessing = 0;
		};
		EEFE2CB9248E8986006570A2 /* Sources */ = {
			isa = PBXSourcesBuildPhase;
			buildActionMask = 2147483647;
			files = (
				EEFE2CC2248E8986006570A2 /* DrawingUITests.swift in Sources */,
			);
			runOnlyForDeploymentPostprocessing = 0;
		};
/* End PBXSourcesBuildPhase section */

/* Begin PBXTargetDependency section */
		EEFE2CB4248E8986006570A2 /* PBXTargetDependency */ = {
			isa = PBXTargetDependency;
			target = EEFE2C9B248E8984006570A2 /* Drawing */;
			targetProxy = EEFE2CB3248E8986006570A2 /* PBXContainerItemProxy */;
		};
		EEFE2CBF248E8986006570A2 /* PBXTargetDependency */ = {
			isa = PBXTargetDependency;
			target = EEFE2C9B248E8984006570A2 /* Drawing */;
			targetProxy = EEFE2CBE248E8986006570A2 /* PBXContainerItemProxy */;
		};
/* End PBXTargetDependency section */

/* Begin PBXVariantGroup section */
		EEFE2CAA248E8986006570A2 /* LaunchScreen.storyboard */ = {
			isa = PBXVariantGroup;
			children = (
				EEFE2CAB248E8986006570A2 /* Base */,
			);
			name = LaunchScreen.storyboard;
			sourceTree = "<group>";
		};
/* End PBXVariantGroup section */

/* Begin XCBuildConfiguration section */
		EEFE2CC4248E8986006570A2 /* Debug */ = {
			isa = XCBuildConfiguration;
			buildSettings = {
				ALWAYS_SEARCH_USER_PATHS = NO;
				CLANG_ANALYZER_NONNULL = YES;
				CLANG_ANALYZER_NUMBER_OBJECT_CONVERSION = YES_AGGRESSIVE;
				CLANG_CXX_LANGUAGE_STANDARD = "gnu++14";
				CLANG_CXX_LIBRARY = "libc++";
				CLANG_ENABLE_MODULES = YES;
				CLANG_ENABLE_OBJC_ARC = YES;
				CLANG_ENABLE_OBJC_WEAK = YES;
				CLANG_WARN_BLOCK_CAPTURE_AUTORELEASING = YES;
				CLANG_WARN_BOOL_CONVERSION = YES;
				CLANG_WARN_COMMA = YES;
				CLANG_WARN_CONSTANT_CONVERSION = YES;
				CLANG_WARN_DEPRECATED_OBJC_IMPLEMENTATIONS = YES;
				CLANG_WARN_DIRECT_OBJC_ISA_USAGE = YES_ERROR;
				CLANG_WARN_DOCUMENTATION_COMMENTS = YES;
				CLANG_WARN_EMPTY_BODY = YES;
				CLANG_WARN_ENUM_CONVERSION = YES;
				CLANG_WARN_INFINITE_RECURSION = YES;
				CLANG_WARN_INT_CONVERSION = YES;
				CLANG_WARN_NON_LITERAL_NULL_CONVERSION = YES;
				CLANG_WARN_OBJC_IMPLICIT_RETAIN_SELF = YES;
				CLANG_WARN_OBJC_LITERAL_CONVERSION = YES;
				CLANG_WARN_OBJC_ROOT_CLASS = YES_ERROR;
				CLANG_WARN_RANGE_LOOP_ANALYSIS = YES;
				CLANG_WARN_STRICT_PROTOTYPES = YES;
				CLANG_WARN_SUSPICIOUS_MOVE = YES;
				CLANG_WARN_UNGUARDED_AVAILABILITY = YES_AGGRESSIVE;
				CLANG_WARN_UNREACHABLE_CODE = YES;
				CLANG_WARN__DUPLICATE_METHOD_MATCH = YES;
				COPY_PHASE_STRIP = NO;
				DEBUG_INFORMATION_FORMAT = dwarf;
				ENABLE_STRICT_OBJC_MSGSEND = YES;
				ENABLE_TESTABILITY = YES;
				GCC_C_LANGUAGE_STANDARD = gnu11;
				GCC_DYNAMIC_NO_PIC = NO;
				GCC_NO_COMMON_BLOCKS = YES;
				GCC_OPTIMIZATION_LEVEL = 0;
				GCC_PREPROCESSOR_DEFINITIONS = (
					"DEBUG=1",
					"$(inherited)",
				);
				GCC_WARN_64_TO_32_BIT_CONVERSION = YES;
				GCC_WARN_ABOUT_RETURN_TYPE = YES_ERROR;
				GCC_WARN_UNDECLARED_SELECTOR = YES;
				GCC_WARN_UNINITIALIZED_AUTOS = YES_AGGRESSIVE;
				GCC_WARN_UNUSED_FUNCTION = YES;
				GCC_WARN_UNUSED_VARIABLE = YES;
				IPHONEOS_DEPLOYMENT_TARGET = 13.5;
				MTL_ENABLE_DEBUG_INFO = INCLUDE_SOURCE;
				MTL_FAST_MATH = YES;
				ONLY_ACTIVE_ARCH = YES;
				SDKROOT = iphoneos;
				SWIFT_ACTIVE_COMPILATION_CONDITIONS = DEBUG;
				SWIFT_OPTIMIZATION_LEVEL = "-Onone";
			};
			name = Debug;
		};
		EEFE2CC5248E8986006570A2 /* Release */ = {
			isa = XCBuildConfiguration;
			buildSettings = {
				ALWAYS_SEARCH_USER_PATHS = NO;
				CLANG_ANALYZER_NONNULL = YES;
				CLANG_ANALYZER_NUMBER_OBJECT_CONVERSION = YES_AGGRESSIVE;
				CLANG_CXX_LANGUAGE_STANDARD = "gnu++14";
				CLANG_CXX_LIBRARY = "libc++";
				CLANG_ENABLE_MODULES = YES;
				CLANG_ENABLE_OBJC_ARC = YES;
				CLANG_ENABLE_OBJC_WEAK = YES;
				CLANG_WARN_BLOCK_CAPTURE_AUTORELEASING = YES;
				CLANG_WARN_BOOL_CONVERSION = YES;
				CLANG_WARN_COMMA = YES;
				CLANG_WARN_CONSTANT_CONVERSION = YES;
				CLANG_WARN_DEPRECATED_OBJC_IMPLEMENTATIONS = YES;
				CLANG_WARN_DIRECT_OBJC_ISA_USAGE = YES_ERROR;
				CLANG_WARN_DOCUMENTATION_COMMENTS = YES;
				CLANG_WARN_EMPTY_BODY = YES;
				CLANG_WARN_ENUM_CONVERSION = YES;
				CLANG_WARN_INFINITE_RECURSION = YES;
				CLANG_WARN_INT_CONVERSION = YES;
				CLANG_WARN_NON_LITERAL_NULL_CONVERSION = YES;
				CLANG_WARN_OBJC_IMPLICIT_RETAIN_SELF = YES;
				CLANG_WARN_OBJC_LITERAL_CONVERSION = YES;
				CLANG_WARN_OBJC_ROOT_CLASS = YES_ERROR;
				CLANG_WARN_RANGE_LOOP_ANALYSIS = YES;
				CLANG_WARN_STRICT_PROTOTYPES = YES;
				CLANG_WARN_SUSPICIOUS_MOVE = YES;
				CLANG_WARN_UNGUARDED_AVAILABILITY = YES_AGGRESSIVE;
				CLANG_WARN_UNREACHABLE_CODE = YES;
				CLANG_WARN__DUPLICATE_METHOD_MATCH = YES;
				COPY_PHASE_STRIP = NO;
				DEBUG_INFORMATION_FORMAT = "dwarf-with-dsym";
				ENABLE_NS_ASSERTIONS = NO;
				ENABLE_STRICT_OBJC_MSGSEND = YES;
				GCC_C_LANGUAGE_STANDARD = gnu11;
				GCC_NO_COMMON_BLOCKS = YES;
				GCC_WARN_64_TO_32_BIT_CONVERSION = YES;
				GCC_WARN_ABOUT_RETURN_TYPE = YES_ERROR;
				GCC_WARN_UNDECLARED_SELECTOR = YES;
				GCC_WARN_UNINITIALIZED_AUTOS = YES_AGGRESSIVE;
				GCC_WARN_UNUSED_FUNCTION = YES;
				GCC_WARN_UNUSED_VARIABLE = YES;
				IPHONEOS_DEPLOYMENT_TARGET = 13.5;
				MTL_ENABLE_DEBUG_INFO = NO;
				MTL_FAST_MATH = YES;
				SDKROOT = iphoneos;
				SWIFT_COMPILATION_MODE = wholemodule;
				SWIFT_OPTIMIZATION_LEVEL = "-O";
				VALIDATE_PRODUCT = YES;
			};
			name = Release;
		};
		EEFE2CC7248E8986006570A2 /* Debug */ = {
			isa = XCBuildConfiguration;
			buildSettings = {
				ASSETCATALOG_COMPILER_APPICON_NAME = AppIcon;
				CODE_SIGN_STYLE = Automatic;
				DEVELOPMENT_ASSET_PATHS = "\"Drawing/Preview Content\"";
				DEVELOPMENT_TEAM = G25YKW6NR4;
				ENABLE_PREVIEWS = YES;
				INFOPLIST_FILE = Drawing/Info.plist;
				LD_RUNPATH_SEARCH_PATHS = (
					"$(inherited)",
					"@executable_path/Frameworks",
				);
				PRODUCT_BUNDLE_IDENTIFIER = com.dathanwong.Drawing;
				PRODUCT_NAME = "$(TARGET_NAME)";
				SWIFT_VERSION = 5.0;
				TARGETED_DEVICE_FAMILY = "1,2";
			};
			name = Debug;
		};
		EEFE2CC8248E8986006570A2 /* Release */ = {
			isa = XCBuildConfiguration;
			buildSettings = {
				ASSETCATALOG_COMPILER_APPICON_NAME = AppIcon;
				CODE_SIGN_STYLE = Automatic;
				DEVELOPMENT_ASSET_PATHS = "\"Drawing/Preview Content\"";
				DEVELOPMENT_TEAM = G25YKW6NR4;
				ENABLE_PREVIEWS = YES;
				INFOPLIST_FILE = Drawing/Info.plist;
				LD_RUNPATH_SEARCH_PATHS = (
					"$(inherited)",
					"@executable_path/Frameworks",
				);
				PRODUCT_BUNDLE_IDENTIFIER = com.dathanwong.Drawing;
				PRODUCT_NAME = "$(TARGET_NAME)";
				SWIFT_VERSION = 5.0;
				TARGETED_DEVICE_FAMILY = "1,2";
			};
			name = Release;
		};
		EEFE2CCA248E8986006570A2 /* Debug */ = {
			isa = XCBuildConfiguration;
			buildSettings = {
				ALWAYS_EMBED_SWIFT_STANDARD_LIBRARIES = YES;
				BUNDLE_LOADER = "$(TEST_HOST)";
				CODE_SIGN_STYLE = Automatic;
				DEVELOPMENT_TEAM = G25YKW6NR4;
				INFOPLIST_FILE = DrawingTests/Info.plist;
				IPHONEOS_DEPLOYMENT_TARGET = 13.5;
				LD_RUNPATH_SEARCH_PATHS = (
					"$(inherited)",
					"@executable_path/Frameworks",
					"@loader_path/Frameworks",
				);
				PRODUCT_BUNDLE_IDENTIFIER = com.dathanwong.DrawingTests;
				PRODUCT_NAME = "$(TARGET_NAME)";
				SWIFT_VERSION = 5.0;
				TARGETED_DEVICE_FAMILY = "1,2";
				TEST_HOST = "$(BUILT_PRODUCTS_DIR)/Drawing.app/Drawing";
			};
			name = Debug;
		};
		EEFE2CCB248E8986006570A2 /* Release */ = {
			isa = XCBuildConfiguration;
			buildSettings = {
				ALWAYS_EMBED_SWIFT_STANDARD_LIBRARIES = YES;
				BUNDLE_LOADER = "$(TEST_HOST)";
				CODE_SIGN_STYLE = Automatic;
				DEVELOPMENT_TEAM = G25YKW6NR4;
				INFOPLIST_FILE = DrawingTests/Info.plist;
				IPHONEOS_DEPLOYMENT_TARGET = 13.5;
				LD_RUNPATH_SEARCH_PATHS = (
					"$(inherited)",
					"@executable_path/Frameworks",
					"@loader_path/Frameworks",
				);
				PRODUCT_BUNDLE_IDENTIFIER = com.dathanwong.DrawingTests;
				PRODUCT_NAME = "$(TARGET_NAME)";
				SWIFT_VERSION = 5.0;
				TARGETED_DEVICE_FAMILY = "1,2";
				TEST_HOST = "$(BUILT_PRODUCTS_DIR)/Drawing.app/Drawing";
			};
			name = Release;
		};
		EEFE2CCD248E8986006570A2 /* Debug */ = {
			isa = XCBuildConfiguration;
			buildSettings = {
				ALWAYS_EMBED_SWIFT_STANDARD_LIBRARIES = YES;
				CODE_SIGN_STYLE = Automatic;
				DEVELOPMENT_TEAM = G25YKW6NR4;
				INFOPLIST_FILE = DrawingUITests/Info.plist;
				LD_RUNPATH_SEARCH_PATHS = (
					"$(inherited)",
					"@executable_path/Frameworks",
					"@loader_path/Frameworks",
				);
				PRODUCT_BUNDLE_IDENTIFIER = com.dathanwong.DrawingUITests;
				PRODUCT_NAME = "$(TARGET_NAME)";
				SWIFT_VERSION = 5.0;
				TARGETED_DEVICE_FAMILY = "1,2";
				TEST_TARGET_NAME = Drawing;
			};
			name = Debug;
		};
		EEFE2CCE248E8986006570A2 /* Release */ = {
			isa = XCBuildConfiguration;
			buildSettings = {
				ALWAYS_EMBED_SWIFT_STANDARD_LIBRARIES = YES;
				CODE_SIGN_STYLE = Automatic;
				DEVELOPMENT_TEAM = G25YKW6NR4;
				INFOPLIST_FILE = DrawingUITests/Info.plist;
				LD_RUNPATH_SEARCH_PATHS = (
					"$(inherited)",
					"@executable_path/Frameworks",
					"@loader_path/Frameworks",
				);
				PRODUCT_BUNDLE_IDENTIFIER = com.dathanwong.DrawingUITests;
				PRODUCT_NAME = "$(TARGET_NAME)";
				SWIFT_VERSION = 5.0;
				TARGETED_DEVICE_FAMILY = "1,2";
				TEST_TARGET_NAME = Drawing;
			};
			name = Release;
		};
/* End XCBuildConfiguration section */

/* Begin XCConfigurationList section */
		EEFE2C97248E8984006570A2 /* Build configuration list for PBXProject "Drawing" */ = {
			isa = XCConfigurationList;
			buildConfigurations = (
				EEFE2CC4248E8986006570A2 /* Debug */,
				EEFE2CC5248E8986006570A2 /* Release */,
			);
			defaultConfigurationIsVisible = 0;
			defaultConfigurationName = Release;
		};
		EEFE2CC6248E8986006570A2 /* Build configuration list for PBXNativeTarget "Drawing" */ = {
			isa = XCConfigurationList;
			buildConfigurations = (
				EEFE2CC7248E8986006570A2 /* Debug */,
				EEFE2CC8248E8986006570A2 /* Release */,
			);
			defaultConfigurationIsVisible = 0;
			defaultConfigurationName = Release;
		};
		EEFE2CC9248E8986006570A2 /* Build configuration list for PBXNativeTarget "DrawingTests" */ = {
			isa = XCConfigurationList;
			buildConfigurations = (
				EEFE2CCA248E8986006570A2 /* Debug */,
				EEFE2CCB248E8986006570A2 /* Release */,
			);
			defaultConfigurationIsVisible = 0;
			defaultConfigurationName = Release;
		};
		EEFE2CCC248E8986006570A2 /* Build configuration list for PBXNativeTarget "DrawingUITests" */ = {
			isa = XCConfigurationList;
			buildConfigurations = (
				EEFE2CCD248E8986006570A2 /* Debug */,
				EEFE2CCE248E8986006570A2 /* Release */,
			);
			defaultConfigurationIsVisible = 0;
			defaultConfigurationName = Release;
		};
/* End XCConfigurationList section */
	};
	rootObject = EEFE2C94248E8984006570A2 /* Project object */;
}
